PODS:
  - BNHtmlPdfKit (0.4.2)
  - Eureka (2.0.0-beta.1)
  - EZSwiftExtensions (1.7)
  - SwiftChart (0.4.0)
  - SwiftDate (4.0.7)

DEPENDENCIES:
  - BNHtmlPdfKit
  - Eureka (~> 2.0.0-beta.1)
  - EZSwiftExtensions
  - SwiftChart
  - SwiftDate

SPEC CHECKSUMS:
  BNHtmlPdfKit: f62aeccf09475e491a6ea3ad949e47f49a5c55a5
  Eureka: d014adf16406745e1a78d5790ea37ed130a0a8e5
  EZSwiftExtensions: 4afef248066a036903d8496bf07bc355b22ce766
  SwiftChart: 3e7482795bdb095234bc35835cc6666c8d5ebca1
  SwiftDate: 0efb04a6751b1ab804049b2b09a69848cd304c12

PODFILE CHECKSUM: 1d54313d0de92570d31e235d5c4fe1938392a403

COCOAPODS: 1.1.0.beta.1
